
Microsoft Visual Studio Solution File, Format Version 12.00
# Visual Studio Version 17
VisualStudioVersion = 17.4.33213.308
MinimumVisualStudioVersion = 10.0.40219.1
Project("{FAE04EC0-301F-11D3-BF4B-00C04F79EFBC}") = "ContactListAPI", "ContactListAPI.csproj", "{69171A53-50E2-4C5F-87E4-278E0CFC21CF}"
EndProject
Global
	GlobalSection(SolutionConfigurationPlatforms) = preSolution
		Debug|Any CPU = Debug|Any CPU
		Release|Any CPU = Release|Any CPU
	EndGlobalSection
	GlobalSection(ProjectConfigurationPlatforms) = postSolution
		{69171A53-50E2-4C5F-87E4-278E0CFC21CF}.Debug|Any CPU.ActiveCfg = Debug|Any CPU
		{69171A53-50E2-4C5F-87E4-278E0CFC21CF}.Debug|Any CPU.Build.0 = Debug|Any CPU
		{69171A53-50E2-4C5F-87E4-278E0CFC21CF}.Release|Any CPU.ActiveCfg = Release|Any CPU
		{69171A53-50E2-4C5F-87E4-278E0CFC21CF}.Release|Any CPU.Build.0 = Release|Any CPU
	EndGlobalSection
	GlobalSection(SolutionProperties) = preSolution
		HideSolutionNode = FALSE
	EndGlobalSection
	GlobalSection(ExtensibilityGlobals) = postSolution
		SolutionGuid = {64F4128B-FDD8-4A26-BEDD-E0B699EE851B}
	EndGlobalSection
EndGlobal
